
Microsoft Visual Studio Solution File, Format Version 12.00
# Visual Studio Version 16
VisualStudioVersion = 16.0.30717.126
MinimumVisualStudioVersion = 10.0.40219.1
Project("{FAE04EC0-301F-11D3-BF4B-00C04F79EFBC}") = "Blogsry", "Blogsry\Blogsry.csproj", "{372E46F6-267C-4EF7-80D1-09728DDB499E}"
EndProject
Global
	GlobalSection(SolutionConfigurationPlatforms) = preSolution
		Debug|Any CPU = Debug|Any CPU
		Release|Any CPU = Release|Any CPU
	EndGlobalSection
	GlobalSection(ProjectConfigurationPlatforms) = postSolution
		{372E46F6-267C-4EF7-80D1-09728DDB499E}.Debug|Any CPU.ActiveCfg = Debug|Any CPU
		{372E46F6-267C-4EF7-80D1-09728DDB499E}.Debug|Any CPU.Build.0 = Debug|Any CPU
		{372E46F6-267C-4EF7-80D1-09728DDB499E}.Release|Any CPU.ActiveCfg = Release|Any CPU
		{372E46F6-267C-4EF7-80D1-09728DDB499E}.Release|Any CPU.Build.0 = Release|Any CPU
	EndGlobalSection
	GlobalSection(SolutionProperties) = preSolution
		HideSolutionNode = FALSE
	EndGlobalSection
	GlobalSection(ExtensibilityGlobals) = postSolution
		SolutionGuid = {A49D9721-A6EA-442E-8055-AF1E717C2087}
	EndGlobalSection
EndGlobal
